[[package]]
category = "main"
description = "Lightweight, extensible schema and data validation tool for Python dictionaries."
name = "cerberus"
optional = false
python-versions = ">=2.7"
version = "1.3.2"

[package.dependencies]
setuptools = "*"

[[package]]
category = "main"
description = "Python module for generating .ninja files."
name = "ninja-syntax"
optional = false
python-versions = "*"
version = "1.7.2"

[[package]]
category = "main"
description = "Python Library for Tom's Obvious, Minimal Language"
name = "toml"
optional = false
python-versions = "*"
version = "0.10.0"

[metadata]
content-hash = "64c85b3f86f1fcb5935a34f82b65b5ff90ddf886286f289e7ce4f9f81c2cbb3d"
python-versions = "^3.7"

[metadata.hashes]
cerberus = ["302e6694f206dd85cb63f13fd5025b31ab6d38c99c50c6d769f8fa0b0f299589"]
ninja-syntax = ["342dc97b9e88a6495bae22953ee6063f91d2f03db6f727b62ba5c3092a18ef1f"]
toml = ["229f81c57791a41d65e399fc06bf0848bab550a9dfd5ed66df18ce5f05e73d5c", "235682dd292d5899d361a811df37e04a8828a5b1da3115886b73cf81ebc9100e", "f1db651f9657708513243e61e6cc67d101a39bad662eaa9b5546f789338e07a3"]
